
Microsoft Visual Studio Solution File, Format Version 12.00
# Visual Studio Version 16
VisualStudioVersion = 16.0.31424.327
MinimumVisualStudioVersion = 10.0.40219.1
Project("{FAE04EC0-301F-11D3-BF4B-00C04F79EFBC}") = "GB-OOP-HW2", "GB-OOP-HW2\GB-OOP-HW2.csproj", "{B68E087E-3E22-4EC1-82F0-9809B2233684}"
EndProject
Global
	GlobalSection(SolutionConfigurationPlatforms) = preSolution
		Debug|Any CPU = Debug|Any CPU
		Release|Any CPU = Release|Any CPU
	EndGlobalSection
	GlobalSection(ProjectConfigurationPlatforms) = postSolution
		{B68E087E-3E22-4EC1-82F0-9809B2233684}.Debug|Any CPU.ActiveCfg = Debug|Any CPU
		{B68E087E-3E22-4EC1-82F0-9809B2233684}.Debug|Any CPU.Build.0 = Debug|Any CPU
		{B68E087E-3E22-4EC1-82F0-9809B2233684}.Release|Any CPU.ActiveCfg = Release|Any CPU
		{B68E087E-3E22-4EC1-82F0-9809B2233684}.Release|Any CPU.Build.0 = Release|Any CPU
	EndGlobalSection
	GlobalSection(SolutionProperties) = preSolution
		HideSolutionNode = FALSE
	EndGlobalSection
	GlobalSection(ExtensibilityGlobals) = postSolution
		SolutionGuid = {59D77F4E-B6A6-4033-905E-41EDF83CD846}
	EndGlobalSection
EndGlobal
